
Microsoft Visual Studio Solution File, Format Version 12.00
# Visual Studio Version 16
VisualStudioVersion = 16.0.30225.117
MinimumVisualStudioVersion = 10.0.40219.1
Project("{8BC9CEB8-8B4A-11D0-8D11-00A0C91BC942}") = "Linked List", "Linked List\Linked List.vcxproj", "{3ADF7435-6B7D-404B-A4C6-E22C80BAA49B}"
EndProject
Global
	GlobalSection(SolutionConfigurationPlatforms) = preSolution
		Debug|x64 = Debug|x64
		Debug|x86 = Debug|x86
		Release|x64 = Release|x64
		Release|x86 = Release|x86
	EndGlobalSection
	GlobalSection(ProjectConfigurationPlatforms) = postSolution
		{3ADF7435-6B7D-404B-A4C6-E22C80BAA49B}.Debug|x64.ActiveCfg = Debug|x64
		{3ADF7435-6B7D-404B-A4C6-E22C80BAA49B}.Debug|x64.Build.0 = Debug|x64
		{3ADF7435-6B7D-404B-A4C6-E22C80BAA49B}.Debug|x86.ActiveCfg = Debug|Win32
		{3ADF7435-6B7D-404B-A4C6-E22C80BAA49B}.Debug|x86.Build.0 = Debug|Win32
		{3ADF7435-6B7D-404B-A4C6-E22C80BAA49B}.Release|x64.ActiveCfg = Release|x64
		{3ADF7435-6B7D-404B-A4C6-E22C80BAA49B}.Release|x64.Build.0 = Release|x64
		{3ADF7435-6B7D-404B-A4C6-E22C80BAA49B}.Release|x86.ActiveCfg = Release|Win32
		{3ADF7435-6B7D-404B-A4C6-E22C80BAA49B}.Release|x86.Build.0 = Release|Win32
	EndGlobalSection
	GlobalSection(SolutionProperties) = preSolution
		HideSolutionNode = FALSE
	EndGlobalSection
	GlobalSection(ExtensibilityGlobals) = postSolution
		SolutionGuid = {B81EA12A-F52C-4A2D-951D-3F776461E33D}
	EndGlobalSection
EndGlobal
